
Microsoft Visual Studio Solution File, Format Version 12.00
# Visual Studio Version 17
VisualStudioVersion = 17.6.33815.320
MinimumVisualStudioVersion = 10.0.40219.1
Project("{FAE04EC0-301F-11D3-BF4B-00C04F79EFBC}") = "Forms.WebApi", "Forms.WebApi\Forms.WebApi.csproj", "{07B43315-9F39-44AE-885C-A0B6551D2F7D}"
EndProject
Global
	GlobalSection(SolutionConfigurationPlatforms) = preSolution
		Debug|Any CPU = Debug|Any CPU
		Release|Any CPU = Release|Any CPU
	EndGlobalSection
	GlobalSection(ProjectConfigurationPlatforms) = postSolution
		{07B43315-9F39-44AE-885C-A0B6551D2F7D}.Debug|Any CPU.ActiveCfg = Debug|Any CPU
		{07B43315-9F39-44AE-885C-A0B6551D2F7D}.Debug|Any CPU.Build.0 = Debug|Any CPU
		{07B43315-9F39-44AE-885C-A0B6551D2F7D}.Release|Any CPU.ActiveCfg = Release|Any CPU
		{07B43315-9F39-44AE-885C-A0B6551D2F7D}.Release|Any CPU.Build.0 = Release|Any CPU
	EndGlobalSection
	GlobalSection(SolutionProperties) = preSolution
		HideSolutionNode = FALSE
	EndGlobalSection
	GlobalSection(ExtensibilityGlobals) = postSolution
		SolutionGuid = {C40C7B9D-6021-4D9E-89EA-C165B281DC73}
	EndGlobalSection
EndGlobal
